
Microsoft Visual Studio Solution File, Format Version 12.00
# Visual Studio Version 16
VisualStudioVersion = 16.0.31911.196
MinimumVisualStudioVersion = 10.0.40219.1
Project("{FAE04EC0-301F-11D3-BF4B-00C04F79EFBC}") = "Entities", "Entities\Entities.csproj", "{4FAFF4D3-3D76-40A8-89AD-81EA2D86EC8B}"
EndProject
Project("{FAE04EC0-301F-11D3-BF4B-00C04F79EFBC}") = "DataAccess", "DataAccess\DataAccess.csproj", "{7C0F5A21-FA68-4E21-9CF2-54CF827908B6}"
EndProject
Project("{FAE04EC0-301F-11D3-BF4B-00C04F79EFBC}") = "Business", "Business\Business.csproj", "{4558749D-831D-4866-9793-7D1037BB95E2}"
EndProject
Project("{FAE04EC0-301F-11D3-BF4B-00C04F79EFBC}") = "Core", "Core\Core.csproj", "{8CBC331F-3E22-4B36-8952-783B5F7A3A63}"
EndProject
Project("{FAE04EC0-301F-11D3-BF4B-00C04F79EFBC}") = "WebAPI", "WebAPI\WebAPI.csproj", "{6D378630-923D-40F2-AAA7-145C744217A8}"
EndProject
Global
	GlobalSection(SolutionConfigurationPlatforms) = preSolution
		Debug|Any CPU = Debug|Any CPU
		Release|Any CPU = Release|Any CPU
	EndGlobalSection
	GlobalSection(ProjectConfigurationPlatforms) = postSolution
		{4FAFF4D3-3D76-40A8-89AD-81EA2D86EC8B}.Debug|Any CPU.ActiveCfg = Debug|Any CPU
		{4FAFF4D3-3D76-40A8-89AD-81EA2D86EC8B}.Debug|Any CPU.Build.0 = Debug|Any CPU
		{4FAFF4D3-3D76-40A8-89AD-81EA2D86EC8B}.Release|Any CPU.ActiveCfg = Release|Any CPU
		{4FAFF4D3-3D76-40A8-89AD-81EA2D86EC8B}.Release|Any CPU.Build.0 = Release|Any CPU
		{7C0F5A21-FA68-4E21-9CF2-54CF827908B6}.Debug|Any CPU.ActiveCfg = Debug|Any CPU
		{7C0F5A21-FA68-4E21-9CF2-54CF827908B6}.Debug|Any CPU.Build.0 = Debug|Any CPU
		{7C0F5A21-FA68-4E21-9CF2-54CF827908B6}.Release|Any CPU.ActiveCfg = Release|Any CPU
		{7C0F5A21-FA68-4E21-9CF2-54CF827908B6}.Release|Any CPU.Build.0 = Release|Any CPU
		{4558749D-831D-4866-9793-7D1037BB95E2}.Debug|Any CPU.ActiveCfg = Debug|Any CPU
		{4558749D-831D-4866-9793-7D1037BB95E2}.Debug|Any CPU.Build.0 = Debug|Any CPU
		{4558749D-831D-4866-9793-7D1037BB95E2}.Release|Any CPU.ActiveCfg = Release|Any CPU
		{4558749D-831D-4866-9793-7D1037BB95E2}.Release|Any CPU.Build.0 = Release|Any CPU
		{8CBC331F-3E22-4B36-8952-783B5F7A3A63}.Debug|Any CPU.ActiveCfg = Debug|Any CPU
		{8CBC331F-3E22-4B36-8952-783B5F7A3A63}.Debug|Any CPU.Build.0 = Debug|Any CPU
		{8CBC331F-3E22-4B36-8952-783B5F7A3A63}.Release|Any CPU.ActiveCfg = Release|Any CPU
		{8CBC331F-3E22-4B36-8952-783B5F7A3A63}.Release|Any CPU.Build.0 = Release|Any CPU
		{6D378630-923D-40F2-AAA7-145C744217A8}.Debug|Any CPU.ActiveCfg = Debug|Any CPU
		{6D378630-923D-40F2-AAA7-145C744217A8}.Debug|Any CPU.Build.0 = Debug|Any CPU
		{6D378630-923D-40F2-AAA7-145C744217A8}.Release|Any CPU.ActiveCfg = Release|Any CPU
		{6D378630-923D-40F2-AAA7-145C744217A8}.Release|Any CPU.Build.0 = Release|Any CPU
	EndGlobalSection
	GlobalSection(SolutionProperties) = preSolution
		HideSolutionNode = FALSE
	EndGlobalSection
	GlobalSection(ExtensibilityGlobals) = postSolution
		SolutionGuid = {6FC33E56-C218-4C97-9656-B36CFBAD1B3B}
	EndGlobalSection
EndGlobal
